// !$*UTF8*$!
{
	archiveVersion = 1;
	classes = {
	};
	objectVersion = 50;
	objects = {

/* Begin PBXBuildFile section */
		C4B70300256EE0A2002E8F99 /* AppDelegate.swift in Sources */ = {isa = PBXBuildFile; fileRef = C4B702FF256EE0A2002E8F99 /* AppDelegate.swift */; };
		C4B70302256EE0A2002E8F99 /* SceneDelegate.swift in Sources */ = {isa = PBXBuildFile; fileRef = C4B70301256EE0A2002E8F99 /* SceneDelegate.swift */; };
		C4B70304256EE0A2002E8F99 /* ViewController.swift in Sources */ = {isa = PBXBuildFile; fileRef = C4B70303256EE0A2002E8F99 /* ViewController.swift */; };
		C4B70307256EE0A2002E8F99 /* Main.storyboard in Resources */ = {isa = PBXBuildFile; fileRef = C4B70305256EE0A2002E8F99 /* Main.storyboard */; };
		C4B7030A256EE0A2002E8F99 /* Weather_App.xcdatamodeld in Sources */ = {isa = PBXBuildFile; fileRef = C4B70308256EE0A2002E8F99 /* Weather_App.xcdatamodeld */; };
		C4B7030C256EE0A6002E8F99 /* Assets.xcassets in Resources */ = {isa = PBXBuildFile; fileRef = C4B7030B256EE0A6002E8F99 /* Assets.xcassets */; };
		C4B7030F256EE0A6002E8F99 /* LaunchScreen.storyboard in Resources */ = {isa = PBXBuildFile; fileRef = C4B7030D256EE0A6002E8F99 /* LaunchScreen.storyboard */; };
		C4B70319256EF19F002E8F99 /* LocationModel.swift in Sources */ = {isa = PBXBuildFile; fileRef = C4B70318256EF19F002E8F99 /* LocationModel.swift */; };
		C4B7031B256EF228002E8F99 /* DataModelManager.swift in Sources */ = {isa = PBXBuildFile; fileRef = C4B7031A256EF228002E8F99 /* DataModelManager.swift */; };
		C4B7031D256EF31F002E8F99 /* FavoriteCities.swift in Sources */ = {isa = PBXBuildFile; fileRef = C4B7031C256EF31F002E8F99 /* FavoriteCities.swift */; };
		C4B7031F256EF339002E8F99 /* SearchCities.swift in Sources */ = {isa = PBXBuildFile; fileRef = C4B7031E256EF339002E8F99 /* SearchCities.swift */; };
		C4B70321256F777F002E8F99 /* CityWeather.swift in Sources */ = {isa = PBXBuildFile; fileRef = C4B70320256F777F002E8F99 /* CityWeather.swift */; };
		C4B7032525702407002E8F99 /* CoreDataManager.swift in Sources */ = {isa = PBXBuildFile; fileRef = C4B7032425702407002E8F99 /* CoreDataManager.swift */; };
/* End PBXBuildFile section */

/* Begin PBXFileReference section */
		C4B702FC256EE0A2002E8F99 /* Weather_App.app */ = {isa = PBXFileReference; explicitFileType = wrapper.application; includeInIndex = 0; path = Weather_App.app; sourceTree = BUILT_PRODUCTS_DIR; };
		C4B702FF256EE0A2002E8F99 /* AppDelegate.swift */ = {isa = PBXFileReference; lastKnownFileType = sourcecode.swift; path = AppDelegate.swift; sourceTree = "<group>"; };
		C4B70301256EE0A2002E8F99 /* SceneDelegate.swift */ = {isa = PBXFileReference; lastKnownFileType = sourcecode.swift; path = SceneDelegate.swift; sourceTree = "<group>"; };
		C4B70303256EE0A2002E8F99 /* ViewController.swift */ = {isa = PBXFileReference; lastKnownFileType = sourcecode.swift; path = ViewController.swift; sourceTree = "<group>"; };
		C4B70306256EE0A2002E8F99 /* Base */ = {isa = PBXFileReference; lastKnownFileType = file.storyboard; name = Base; path = Base.lproj/Main.storyboard; sourceTree = "<group>"; };
		C4B70309256EE0A2002E8F99 /* Weather_App.xcdatamodel */ = {isa = PBXFileReference; lastKnownFileType = wrapper.xcdatamodel; path = Weather_App.xcdatamodel; sourceTree = "<group>"; };
		C4B7030B256EE0A6002E8F99 /* Assets.xcassets */ = {isa = PBXFileReference; lastKnownFileType = folder.assetcatalog; path = Assets.xcassets; sourceTree = "<group>"; };
		C4B7030E256EE0A6002E8F99 /* Base */ = {isa = PBXFileReference; lastKnownFileType = file.storyboard; name = Base; path = Base.lproj/LaunchScreen.storyboard; sourceTree = "<group>"; };
		C4B70310256EE0A6002E8F99 /* Info.plist */ = {isa = PBXFileReference; lastKnownFileType = text.plist.xml; path = Info.plist; sourceTree = "<group>"; };
		C4B70318256EF19F002E8F99 /* LocationModel.swift */ = {isa = PBXFileReference; lastKnownFileType = sourcecode.swift; path = LocationModel.swift; sourceTree = "<group>"; };
		C4B7031A256EF228002E8F99 /* DataModelManager.swift */ = {isa = PBXFileReference; lastKnownFileType = sourcecode.swift; path = DataModelManager.swift; sourceTree = "<group>"; };
		C4B7031C256EF31F002E8F99 /* FavoriteCities.swift */ = {isa = PBXFileReference; lastKnownFileType = sourcecode.swift; path = FavoriteCities.swift; sourceTree = "<group>"; };
		C4B7031E256EF339002E8F99 /* SearchCities.swift */ = {isa = PBXFileReference; lastKnownFileType = sourcecode.swift; path = SearchCities.swift; sourceTree = "<group>"; };
		C4B70320256F777F002E8F99 /* CityWeather.swift */ = {isa = PBXFileReference; lastKnownFileType = sourcecode.swift; path = CityWeather.swift; sourceTree = "<group>"; };
		C4B7032425702407002E8F99 /* CoreDataManager.swift */ = {isa = PBXFileReference; lastKnownFileType = sourcecode.swift; path = CoreDataManager.swift; sourceTree = "<group>"; };
/* End PBXFileReference section */

/* Begin PBXFrameworksBuildPhase section */
		C4B702F9256EE0A2002E8F99 /* Frameworks */ = {
			isa = PBXFrameworksBuildPhase;
			buildActionMask = 2147483647;
			files = (
			);
			runOnlyForDeploymentPostprocessing = 0;
		};
/* End PBXFrameworksBuildPhase section */

/* Begin PBXGroup section */
		C4B702F3256EE0A2002E8F99 = {
			isa = PBXGroup;
			children = (
				C4B702FE256EE0A2002E8F99 /* Weather_App */,
				C4B702FD256EE0A2002E8F99 /* Products */,
			);
			sourceTree = "<group>";
		};
		C4B702FD256EE0A2002E8F99 /* Products */ = {
			isa = PBXGroup;
			children = (
				C4B702FC256EE0A2002E8F99 /* Weather_App.app */,
			);
			name = Products;
			sourceTree = "<group>";
		};
		C4B702FE256EE0A2002E8F99 /* Weather_App */ = {
			isa = PBXGroup;
			children = (
				C4B702FF256EE0A2002E8F99 /* AppDelegate.swift */,
				C4B70301256EE0A2002E8F99 /* SceneDelegate.swift */,
				C4B70305256EE0A2002E8F99 /* Main.storyboard */,
				C4B7030B256EE0A6002E8F99 /* Assets.xcassets */,
				C4B7030D256EE0A6002E8F99 /* LaunchScreen.storyboard */,
				C4B70310256EE0A6002E8F99 /* Info.plist */,
				C4B70316256EED0B002E8F99 /* Models */,
				C4B70317256EED90002E8F99 /* VC */,
			);
			path = Weather_App;
			sourceTree = "<group>";
		};
		C4B70316256EED0B002E8F99 /* Models */ = {
			isa = PBXGroup;
			children = (
				C4B70308256EE0A2002E8F99 /* Weather_App.xcdatamodeld */,
				C4B70318256EF19F002E8F99 /* LocationModel.swift */,
				C4B7031A256EF228002E8F99 /* DataModelManager.swift */,
				C4B7032425702407002E8F99 /* CoreDataManager.swift */,
			);
			path = Models;
			sourceTree = "<group>";
		};
		C4B70317256EED90002E8F99 /* VC */ = {
			isa = PBXGroup;
			children = (
				C4B70303256EE0A2002E8F99 /* ViewController.swift */,
				C4B7031C256EF31F002E8F99 /* FavoriteCities.swift */,
				C4B7031E256EF339002E8F99 /* SearchCities.swift */,
				C4B70320256F777F002E8F99 /* CityWeather.swift */,
			);
			path = VC;
			sourceTree = "<group>";
		};
/* End PBXGroup section */

/* Begin PBXNativeTarget section */
		C4B702FB256EE0A2002E8F99 /* Weather_App */ = {
			isa = PBXNativeTarget;
			buildConfigurationList = C4B70313256EE0A6002E8F99 /* Build configuration list for PBXNativeTarget "Weather_App" */;
			buildPhases = (
				C4B702F8256EE0A2002E8F99 /* Sources */,
				C4B702F9256EE0A2002E8F99 /* Frameworks */,
				C4B702FA256EE0A2002E8F99 /* Resources */,
			);
			buildRules = (
			);
			dependencies = (
			);
			name = Weather_App;
			productName = Weather_App;
			productReference = C4B702FC256EE0A2002E8F99 /* Weather_App.app */;
			productType = "com.apple.product-type.application";
		};
/* End PBXNativeTarget section */

/* Begin PBXProject section */
		C4B702F4256EE0A2002E8F99 /* Project object */ = {
			isa = PBXProject;
			attributes = {
				LastSwiftUpdateCheck = 1170;
				LastUpgradeCheck = 1170;
				ORGANIZATIONNAME = "Roman Kantor";
				TargetAttributes = {
					C4B702FB256EE0A2002E8F99 = {
						CreatedOnToolsVersion = 11.7;
					};
				};
			};
			buildConfigurationList = C4B702F7256EE0A2002E8F99 /* Build configuration list for PBXProject "Weather_App" */;
			compatibilityVersion = "Xcode 9.3";
			developmentRegion = en;
			hasScannedForEncodings = 0;
			knownRegions = (
				en,
				Base,
			);
			mainGroup = C4B702F3256EE0A2002E8F99;
			productRefGroup = C4B702FD256EE0A2002E8F99 /* Products */;
			projectDirPath = "";
			projectRoot = "";
			targets = (
				C4B702FB256EE0A2002E8F99 /* Weather_App */,
			);
		};
/* End PBXProject section */

/* Begin PBXResourcesBuildPhase section */
		C4B702FA256EE0A2002E8F99 /* Resources */ = {
			isa = PBXResourcesBuildPhase;
			buildActionMask = 2147483647;
			files = (
				C4B7030F256EE0A6002E8F99 /* LaunchScreen.storyboard in Resources */,
				C4B7030C256EE0A6002E8F99 /* Assets.xcassets in Resources */,
				C4B70307256EE0A2002E8F99 /* Main.storyboard in Resources */,
			);
			runOnlyForDeploymentPostprocessing = 0;
		};
/* End PBXResourcesBuildPhase section */

/* Begin PBXSourcesBuildPhase section */
		C4B702F8256EE0A2002E8F99 /* Sources */ = {
			isa = PBXSourcesBuildPhase;
			buildActionMask = 2147483647;
			files = (
				C4B70321256F777F002E8F99 /* CityWeather.swift in Sources */,
				C4B7030A256EE0A2002E8F99 /* Weather_App.xcdatamodeld in Sources */,
				C4B7031B256EF228002E8F99 /* DataModelManager.swift in Sources */,
				C4B7031D256EF31F002E8F99 /* FavoriteCities.swift in Sources */,
				C4B70304256EE0A2002E8F99 /* ViewController.swift in Sources */,
				C4B7031F256EF339002E8F99 /* SearchCities.swift in Sources */,
				C4B70300256EE0A2002E8F99 /* AppDelegate.swift in Sources */,
				C4B70319256EF19F002E8F99 /* LocationModel.swift in Sources */,
				C4B7032525702407002E8F99 /* CoreDataManager.swift in Sources */,
				C4B70302256EE0A2002E8F99 /* SceneDelegate.swift in Sources */,
			);
			runOnlyForDeploymentPostprocessing = 0;
		};
/* End PBXSourcesBuildPhase section */

/* Begin PBXVariantGroup section */
		C4B70305256EE0A2002E8F99 /* Main.storyboard */ = {
			isa = PBXVariantGroup;
			children = (
				C4B70306256EE0A2002E8F99 /* Base */,
			);
			name = Main.storyboard;
			sourceTree = "<group>";
		};
		C4B7030D256EE0A6002E8F99 /* LaunchScreen.storyboard */ = {
			isa = PBXVariantGroup;
			children = (
				C4B7030E256EE0A6002E8F99 /* Base */,
			);
			name = LaunchScreen.storyboard;
			sourceTree = "<group>";
		};
/* End PBXVariantGroup section */

/* Begin XCBuildConfiguration section */
		C4B70311256EE0A6002E8F99 /* Debug */ = {
			isa = XCBuildConfiguration;
			buildSettings = {
				ALWAYS_SEARCH_USER_PATHS = NO;
				CLANG_ANALYZER_NONNULL = YES;
				CLANG_ANALYZER_NUMBER_OBJECT_CONVERSION = YES_AGGRESSIVE;
				CLANG_CXX_LANGUAGE_STANDARD = "gnu++14";
				CLANG_CXX_LIBRARY = "libc++";
				CLANG_ENABLE_MODULES = YES;
				CLANG_ENABLE_OBJC_ARC = YES;
				CLANG_ENABLE_OBJC_WEAK = YES;
				CLANG_WARN_BLOCK_CAPTURE_AUTORELEASING = YES;
				CLANG_WARN_BOOL_CONVERSION = YES;
				CLANG_WARN_COMMA = YES;
				CLANG_WARN_CONSTANT_CONVERSION = YES;
				CLANG_WARN_DEPRECATED_OBJC_IMPLEMENTATIONS = YES;
				CLANG_WARN_DIRECT_OBJC_ISA_USAGE = YES_ERROR;
				CLANG_WARN_DOCUMENTATION_COMMENTS = YES;
				CLANG_WARN_EMPTY_BODY = YES;
				CLANG_WARN_ENUM_CONVERSION = YES;
				CLANG_WARN_INFINITE_RECURSION = YES;
				CLANG_WARN_INT_CONVERSION = YES;
				CLANG_WARN_NON_LITERAL_NULL_CONVERSION = YES;
				CLANG_WARN_OBJC_IMPLICIT_RETAIN_SELF = YES;
				CLANG_WARN_OBJC_LITERAL_CONVERSION = YES;
				CLANG_WARN_OBJC_ROOT_CLASS = YES_ERROR;
				CLANG_WARN_RANGE_LOOP_ANALYSIS = YES;
				CLANG_WARN_STRICT_PROTOTYPES = YES;
				CLANG_WARN_SUSPICIOUS_MOVE = YES;
				CLANG_WARN_UNGUARDED_AVAILABILITY = YES_AGGRESSIVE;
				CLANG_WARN_UNREACHABLE_CODE = YES;
				CLANG_WARN__DUPLICATE_METHOD_MATCH = YES;
				COPY_PHASE_STRIP = NO;
				DEBUG_INFORMATION_FORMAT = dwarf;
				ENABLE_STRICT_OBJC_MSGSEND = YES;
				ENABLE_TESTABILITY = YES;
				GCC_C_LANGUAGE_STANDARD = gnu11;
				GCC_DYNAMIC_NO_PIC = NO;
				GCC_NO_COMMON_BLOCKS = YES;
				GCC_OPTIMIZATION_LEVEL = 0;
				GCC_PREPROCESSOR_DEFINITIONS = (
					"DEBUG=1",
					"$(inherited)",
				);
				GCC_WARN_64_TO_32_BIT_CONVERSION = YES;
				GCC_WARN_ABOUT_RETURN_TYPE = YES_ERROR;
				GCC_WARN_UNDECLARED_SELECTOR = YES;
				GCC_WARN_UNINITIALIZED_AUTOS = YES_AGGRESSIVE;
				GCC_WARN_UNUSED_FUNCTION = YES;
				GCC_WARN_UNUSED_VARIABLE = YES;
				IPHONEOS_DEPLOYMENT_TARGET = 13.7;
				MTL_ENABLE_DEBUG_INFO = INCLUDE_SOURCE;
				MTL_FAST_MATH = YES;
				ONLY_ACTIVE_ARCH = YES;
				SDKROOT = iphoneos;
				SWIFT_ACTIVE_COMPILATION_CONDITIONS = DEBUG;
				SWIFT_OPTIMIZATION_LEVEL = "-Onone";
			};
			name = Debug;
		};
		C4B70312256EE0A6002E8F99 /* Release */ = {
			isa = XCBuildConfiguration;
			buildSettings = {
				ALWAYS_SEARCH_USER_PATHS = NO;
				CLANG_ANALYZER_NONNULL = YES;
				CLANG_ANALYZER_NUMBER_OBJECT_CONVERSION = YES_AGGRESSIVE;
				CLANG_CXX_LANGUAGE_STANDARD = "gnu++14";
				CLANG_CXX_LIBRARY = "libc++";
				CLANG_ENABLE_MODULES = YES;
				CLANG_ENABLE_OBJC_ARC = YES;
				CLANG_ENABLE_OBJC_WEAK = YES;
				CLANG_WARN_BLOCK_CAPTURE_AUTORELEASING = YES;
				CLANG_WARN_BOOL_CONVERSION = YES;
				CLANG_WARN_COMMA = YES;
				CLANG_WARN_CONSTANT_CONVERSION = YES;
				CLANG_WARN_DEPRECATED_OBJC_IMPLEMENTATIONS = YES;
				CLANG_WARN_DIRECT_OBJC_ISA_USAGE = YES_ERROR;
				CLANG_WARN_DOCUMENTATION_COMMENTS = YES;
				CLANG_WARN_EMPTY_BODY = YES;
				CLANG_WARN_ENUM_CONVERSION = YES;
				CLANG_WARN_INFINITE_RECURSION = YES;
				CLANG_WARN_INT_CONVERSION = YES;
				CLANG_WARN_NON_LITERAL_NULL_CONVERSION = YES;
				CLANG_WARN_OBJC_IMPLICIT_RETAIN_SELF = YES;
				CLANG_WARN_OBJC_LITERAL_CONVERSION = YES;
				CLANG_WARN_OBJC_ROOT_CLASS = YES_ERROR;
				CLANG_WARN_RANGE_LOOP_ANALYSIS = YES;
				CLANG_WARN_STRICT_PROTOTYPES = YES;
				CLANG_WARN_SUSPICIOUS_MOVE = YES;
				CLANG_WARN_UNGUARDED_AVAILABILITY = YES_AGGRESSIVE;
				CLANG_WARN_UNREACHABLE_CODE = YES;
				CLANG_WARN__DUPLICATE_METHOD_MATCH = YES;
				COPY_PHASE_STRIP = NO;
				DEBUG_INFORMATION_FORMAT = "dwarf-with-dsym";
				ENABLE_NS_ASSERTIONS = NO;
				ENABLE_STRICT_OBJC_MSGSEND = YES;
				GCC_C_LANGUAGE_STANDARD = gnu11;
				GCC_NO_COMMON_BLOCKS = YES;
				GCC_WARN_64_TO_32_BIT_CONVERSION = YES;
				GCC_WARN_ABOUT_RETURN_TYPE = YES_ERROR;
				GCC_WARN_UNDECLARED_SELECTOR = YES;
				GCC_WARN_UNINITIALIZED_AUTOS = YES_AGGRESSIVE;
				GCC_WARN_UNUSED_FUNCTION = YES;
				GCC_WARN_UNUSED_VARIABLE = YES;
				IPHONEOS_DEPLOYMENT_TARGET = 13.7;
				MTL_ENABLE_DEBUG_INFO = NO;
				MTL_FAST_MATH = YES;
				SDKROOT = iphoneos;
				SWIFT_COMPILATION_MODE = wholemodule;
				SWIFT_OPTIMIZATION_LEVEL = "-O";
				VALIDATE_PRODUCT = YES;
			};
			name = Release;
		};
		C4B70314256EE0A6002E8F99 /* Debug */ = {
			isa = XCBuildConfiguration;
			buildSettings = {
				ASSETCATALOG_COMPILER_APPICON_NAME = AppIcon;
				CODE_SIGN_STYLE = Automatic;
				INFOPLIST_FILE = Weather_App/Info.plist;
				LD_RUNPATH_SEARCH_PATHS = (
					"$(inherited)",
					"@executable_path/Frameworks",
				);
				PRODUCT_BUNDLE_IDENTIFIER = "ca.senecacollege.Weather-App";
				PRODUCT_NAME = "$(TARGET_NAME)";
				SWIFT_VERSION = 5.0;
				TARGETED_DEVICE_FAMILY = "1,2";
			};
			name = Debug;
		};
		C4B70315256EE0A6002E8F99 /* Release */ = {
			isa = XCBuildConfiguration;
			buildSettings = {
				ASSETCATALOG_COMPILER_APPICON_NAME = AppIcon;
				CODE_SIGN_STYLE = Automatic;
				INFOPLIST_FILE = Weather_App/Info.plist;
				LD_RUNPATH_SEARCH_PATHS = (
					"$(inherited)",
					"@executable_path/Frameworks",
				);
				PRODUCT_BUNDLE_IDENTIFIER = "ca.senecacollege.Weather-App";
				PRODUCT_NAME = "$(TARGET_NAME)";
				SWIFT_VERSION = 5.0;
				TARGETED_DEVICE_FAMILY = "1,2";
			};
			name = Release;
		};
/* End XCBuildConfiguration section */

/* Begin XCConfigurationList section */
		C4B702F7256EE0A2002E8F99 /* Build configuration list for PBXProject "Weather_App" */ = {
			isa = XCConfigurationList;
			buildConfigurations = (
				C4B70311256EE0A6002E8F99 /* Debug */,
				C4B70312256EE0A6002E8F99 /* Release */,
			);
			defaultConfigurationIsVisible = 0;
			defaultConfigurationName = Release;
		};
		C4B70313256EE0A6002E8F99 /* Build configuration list for PBXNativeTarget "Weather_App" */ = {
			isa = XCConfigurationList;
			buildConfigurations = (
				C4B70314256EE0A6002E8F99 /* Debug */,
				C4B70315256EE0A6002E8F99 /* Release */,
			);
			defaultConfigurationIsVisible = 0;
			defaultConfigurationName = Release;
		};
/* End XCConfigurationList section */

/* Begin XCVersionGroup section */
		C4B70308256EE0A2002E8F99 /* Weather_App.xcdatamodeld */ = {
			isa = XCVersionGroup;
			children = (
				C4B70309256EE0A2002E8F99 /* Weather_App.xcdatamodel */,
			);
			currentVersion = C4B70309256EE0A2002E8F99 /* Weather_App.xcdatamodel */;
			path = Weather_App.xcdatamodeld;
			sourceTree = "<group>";
			versionGroupType = wrapper.xcdatamodel;
		};
/* End XCVersionGroup section */
	};
	rootObject = C4B702F4256EE0A2002E8F99 /* Project object */;
}
